
Microsoft Visual Studio Solution File, Format Version 12.00
# Visual Studio Version 17
VisualStudioVersion = 17.0.31903.59
MinimumVisualStudioVersion = 10.0.40219.1
Project("{FAE04EC0-301F-11D3-BF4B-00C04F79EFBC}") = "Domain", "Domain\Domain.csproj", "{A5F3AAB7-A5CA-43FF-9384-CBC550698620}"
EndProject
Project("{FAE04EC0-301F-11D3-BF4B-00C04F79EFBC}") = "Infrastructure", "Infrastructure\Infrastructure.csproj", "{06823C52-7227-4EB3-BD5E-A09FEC743343}"
EndProject
Project("{FAE04EC0-301F-11D3-BF4B-00C04F79EFBC}") = "Web", "Web\Web.csproj", "{DE3CB082-52D8-44CB-8DB0-7ED11D25BC9B}"
EndProject
Global
	GlobalSection(SolutionConfigurationPlatforms) = preSolution
		Debug|Any CPU = Debug|Any CPU
		Release|Any CPU = Release|Any CPU
	EndGlobalSection
	GlobalSection(SolutionProperties) = preSolution
		HideSolutionNode = FALSE
	EndGlobalSection
	GlobalSection(ProjectConfigurationPlatforms) = postSolution
		{A5F3AAB7-A5CA-43FF-9384-CBC550698620}.Debug|Any CPU.ActiveCfg = Debug|Any CPU
		{A5F3AAB7-A5CA-43FF-9384-CBC550698620}.Debug|Any CPU.Build.0 = Debug|Any CPU
		{A5F3AAB7-A5CA-43FF-9384-CBC550698620}.Release|Any CPU.ActiveCfg = Release|Any CPU
		{A5F3AAB7-A5CA-43FF-9384-CBC550698620}.Release|Any CPU.Build.0 = Release|Any CPU
		{06823C52-7227-4EB3-BD5E-A09FEC743343}.Debug|Any CPU.ActiveCfg = Debug|Any CPU
		{06823C52-7227-4EB3-BD5E-A09FEC743343}.Debug|Any CPU.Build.0 = Debug|Any CPU
		{06823C52-7227-4EB3-BD5E-A09FEC743343}.Release|Any CPU.ActiveCfg = Release|Any CPU
		{06823C52-7227-4EB3-BD5E-A09FEC743343}.Release|Any CPU.Build.0 = Release|Any CPU
		{DE3CB082-52D8-44CB-8DB0-7ED11D25BC9B}.Debug|Any CPU.ActiveCfg = Debug|Any CPU
		{DE3CB082-52D8-44CB-8DB0-7ED11D25BC9B}.Debug|Any CPU.Build.0 = Debug|Any CPU
		{DE3CB082-52D8-44CB-8DB0-7ED11D25BC9B}.Release|Any CPU.ActiveCfg = Release|Any CPU
		{DE3CB082-52D8-44CB-8DB0-7ED11D25BC9B}.Release|Any CPU.Build.0 = Release|Any CPU
	EndGlobalSection
EndGlobal
